
Microsoft Visual Studio Solution File, Format Version 12.00
# Visual Studio Version 17
VisualStudioVersion = 17.2.32616.157
MinimumVisualStudioVersion = 10.0.40219.1
Project("{FAE04EC0-301F-11D3-BF4B-00C04F79EFBC}") = "PrviWinProgram", "PrviWinProgram\PrviWinProgram.csproj", "{DB58780B-CFCF-4BE0-80C9-31BD3910A1BA}"
EndProject
Global
	GlobalSection(SolutionConfigurationPlatforms) = preSolution
		Debug|Any CPU = Debug|Any CPU
		Release|Any CPU = Release|Any CPU
	EndGlobalSection
	GlobalSection(ProjectConfigurationPlatforms) = postSolution
		{DB58780B-CFCF-4BE0-80C9-31BD3910A1BA}.Debug|Any CPU.ActiveCfg = Debug|Any CPU
		{DB58780B-CFCF-4BE0-80C9-31BD3910A1BA}.Debug|Any CPU.Build.0 = Debug|Any CPU
		{DB58780B-CFCF-4BE0-80C9-31BD3910A1BA}.Release|Any CPU.ActiveCfg = Release|Any CPU
		{DB58780B-CFCF-4BE0-80C9-31BD3910A1BA}.Release|Any CPU.Build.0 = Release|Any CPU
	EndGlobalSection
	GlobalSection(SolutionProperties) = preSolution
		HideSolutionNode = FALSE
	EndGlobalSection
	GlobalSection(ExtensibilityGlobals) = postSolution
		SolutionGuid = {11C49F11-86BE-4ADA-8069-182EEF1E7B76}
	EndGlobalSection
EndGlobal
